
Microsoft Visual Studio Solution File, Format Version 12.00
# Visual Studio 15
VisualStudioVersion = 15.0.27004.2008
MinimumVisualStudioVersion = 10.0.40219.1
Project("{FAE04EC0-301F-11D3-BF4B-00C04F79EFBC}") = "WpfToolset", "WpfToolset\WpfToolset.csproj", "{CD733CB1-97BF-40D4-BC3F-638C7E190857}"
EndProject
Global
	GlobalSection(SolutionConfigurationPlatforms) = preSolution
		Debug|Any CPU = Debug|Any CPU
		Release|Any CPU = Release|Any CPU
	EndGlobalSection
	GlobalSection(ProjectConfigurationPlatforms) = postSolution
		{CD733CB1-97BF-40D4-BC3F-638C7E190857}.Debug|Any CPU.ActiveCfg = Debug|Any CPU
		{CD733CB1-97BF-40D4-BC3F-638C7E190857}.Debug|Any CPU.Build.0 = Debug|Any CPU
		{CD733CB1-97BF-40D4-BC3F-638C7E190857}.Release|Any CPU.ActiveCfg = Release|Any CPU
		{CD733CB1-97BF-40D4-BC3F-638C7E190857}.Release|Any CPU.Build.0 = Release|Any CPU
	EndGlobalSection
	GlobalSection(SolutionProperties) = preSolution
		HideSolutionNode = FALSE
	EndGlobalSection
	GlobalSection(ExtensibilityGlobals) = postSolution
		SolutionGuid = {150A6F82-2E52-49B2-9BD0-D9B5C2DC3692}
	EndGlobalSection
EndGlobal
